// !$*UTF8*$!
{
	archiveVersion = 1;
	classes = {
	};
	objectVersion = 46;
	objects = {

/* Begin PBXBuildFile section */
		E7428A571E8E56220045776C /* UIAlertController+AddAction.m in Sources */ = {isa = PBXBuildFile; fileRef = E7428A541E8E56220045776C /* UIAlertController+AddAction.m */; };
		E7428A581E8E56220045776C /* XWAlert.m in Sources */ = {isa = PBXBuildFile; fileRef = E7428A561E8E56220045776C /* XWAlert.m */; };
		E7428A5E1E8E56290045776C /* ShowAlertViewController.m in Sources */ = {isa = PBXBuildFile; fileRef = E7428A5B1E8E56290045776C /* ShowAlertViewController.m */; };
		E7428A5F1E8E56290045776C /* ViewController.m in Sources */ = {isa = PBXBuildFile; fileRef = E7428A5D1E8E56290045776C /* ViewController.m */; };
		E7C5F11F1E8DF6E200ABB44C /* main.m in Sources */ = {isa = PBXBuildFile; fileRef = E7C5F11E1E8DF6E200ABB44C /* main.m */; };
		E7C5F1221E8DF6E200ABB44C /* AppDelegate.m in Sources */ = {isa = PBXBuildFile; fileRef = E7C5F1211E8DF6E200ABB44C /* AppDelegate.m */; };
		E7C5F1281E8DF6E200ABB44C /* Main.storyboard in Resources */ = {isa = PBXBuildFile; fileRef = E7C5F1261E8DF6E200ABB44C /* Main.storyboard */; };
		E7C5F12A1E8DF6E200ABB44C /* Assets.xcassets in Resources */ = {isa = PBXBuildFile; fileRef = E7C5F1291E8DF6E200ABB44C /* Assets.xcassets */; };
		E7C5F12D1E8DF6E200ABB44C /* LaunchScreen.storyboard in Resources */ = {isa = PBXBuildFile; fileRef = E7C5F12B1E8DF6E200ABB44C /* LaunchScreen.storyboard */; };
		E7C5F1381E8DF6E200ABB44C /* XWAlertTests.m in Sources */ = {isa = PBXBuildFile; fileRef = E7C5F1371E8DF6E200ABB44C /* XWAlertTests.m */; };
		E7C5F1431E8DF6E200ABB44C /* XWAlertUITests.m in Sources */ = {isa = PBXBuildFile; fileRef = E7C5F1421E8DF6E200ABB44C /* XWAlertUITests.m */; };
/* End PBXBuildFile section */

/* Begin PBXContainerItemProxy section */
		E7C5F1341E8DF6E200ABB44C /* PBXContainerItemProxy */ = {
			isa = PBXContainerItemProxy;
			containerPortal = E7C5F1121E8DF6E200ABB44C /* Project object */;
			proxyType = 1;
			remoteGlobalIDString = E7C5F1191E8DF6E200ABB44C;
			remoteInfo = XWAlert;
		};
		E7C5F13F1E8DF6E200ABB44C /* PBXContainerItemProxy */ = {
			isa = PBXContainerItemProxy;
			containerPortal = E7C5F1121E8DF6E200ABB44C /* Project object */;
			proxyType = 1;
			remoteGlobalIDString = E7C5F1191E8DF6E200ABB44C;
			remoteInfo = XWAlert;
		};
/* End PBXContainerItemProxy section */

/* Begin PBXFileReference section */
		E7428A531E8E56220045776C /* UIAlertController+AddAction.h */ = {isa = PBXFileReference; fileEncoding = 4; lastKnownFileType = sourcecode.c.h; path = "UIAlertController+AddAction.h"; sourceTree = "<group>"; };
		E7428A541E8E56220045776C /* UIAlertController+AddAction.m */ = {isa = PBXFileReference; fileEncoding = 4; lastKnownFileType = sourcecode.c.objc; path = "UIAlertController+AddAction.m"; sourceTree = "<group>"; };
		E7428A551E8E56220045776C /* XWAlert.h */ = {isa = PBXFileReference; fileEncoding = 4; lastKnownFileType = sourcecode.c.h; path = XWAlert.h; sourceTree = "<group>"; };
		E7428A561E8E56220045776C /* XWAlert.m */ = {isa = PBXFileReference; fileEncoding = 4; lastKnownFileType = sourcecode.c.objc; path = XWAlert.m; sourceTree = "<group>"; };
		E7428A5A1E8E56290045776C /* ShowAlertViewController.h */ = {isa = PBXFileReference; fileEncoding = 4; lastKnownFileType = sourcecode.c.h; path = ShowAlertViewController.h; sourceTree = "<group>"; };
		E7428A5B1E8E56290045776C /* ShowAlertViewController.m */ = {isa = PBXFileReference; fileEncoding = 4; lastKnownFileType = sourcecode.c.objc; path = ShowAlertViewController.m; sourceTree = "<group>"; };
		E7428A5C1E8E56290045776C /* ViewController.h */ = {isa = PBXFileReference; fileEncoding = 4; lastKnownFileType = sourcecode.c.h; path = ViewController.h; sourceTree = "<group>"; };
		E7428A5D1E8E56290045776C /* ViewController.m */ = {isa = PBXFileReference; fileEncoding = 4; lastKnownFileType = sourcecode.c.objc; path = ViewController.m; sourceTree = "<group>"; };
		E7C5F11A1E8DF6E200ABB44C /* XWAlert.app */ = {isa = PBXFileReference; explicitFileType = wrapper.application; includeInIndex = 0; path = XWAlert.app; sourceTree = BUILT_PRODUCTS_DIR; };
		E7C5F11E1E8DF6E200ABB44C /* main.m */ = {isa = PBXFileReference; lastKnownFileType = sourcecode.c.objc; path = main.m; sourceTree = "<group>"; };
		E7C5F1201E8DF6E200ABB44C /* AppDelegate.h */ = {isa = PBXFileReference; lastKnownFileType = sourcecode.c.h; path = AppDelegate.h; sourceTree = "<group>"; };
		E7C5F1211E8DF6E200ABB44C /* AppDelegate.m */ = {isa = PBXFileReference; lastKnownFileType = sourcecode.c.objc; path = AppDelegate.m; sourceTree = "<group>"; };
		E7C5F1271E8DF6E200ABB44C /* Base */ = {isa = PBXFileReference; lastKnownFileType = file.storyboard; name = Base; path = Base.lproj/Main.storyboard; sourceTree = "<group>"; };
		E7C5F1291E8DF6E200ABB44C /* Assets.xcassets */ = {isa = PBXFileReference; lastKnownFileType = folder.assetcatalog; path = Assets.xcassets; sourceTree = "<group>"; };
		E7C5F12C1E8DF6E200ABB44C /* Base */ = {isa = PBXFileReference; lastKnownFileType = file.storyboard; name = Base; path = Base.lproj/LaunchScreen.storyboard; sourceTree = "<group>"; };
		E7C5F12E1E8DF6E200ABB44C /* Info.plist */ = {isa = PBXFileReference; lastKnownFileType = text.plist.xml; path = Info.plist; sourceTree = "<group>"; };
		E7C5F1331E8DF6E200ABB44C /* XWAlertTests.xctest */ = {isa = PBXFileReference; explicitFileType = wrapper.cfbundle; includeInIndex = 0; path = XWAlertTests.xctest; sourceTree = BUILT_PRODUCTS_DIR; };
		E7C5F1371E8DF6E200ABB44C /* XWAlertTests.m */ = {isa = PBXFileReference; lastKnownFileType = sourcecode.c.objc; path = XWAlertTests.m; sourceTree = "<group>"; };
		E7C5F1391E8DF6E200ABB44C /* Info.plist */ = {isa = PBXFileReference; lastKnownFileType = text.plist.xml; path = Info.plist; sourceTree = "<group>"; };
		E7C5F13E1E8DF6E200ABB44C /* XWAlertUITests.xctest */ = {isa = PBXFileReference; explicitFileType = wrapper.cfbundle; includeInIndex = 0; path = XWAlertUITests.xctest; sourceTree = BUILT_PRODUCTS_DIR; };
		E7C5F1421E8DF6E200ABB44C /* XWAlertUITests.m */ = {isa = PBXFileReference; lastKnownFileType = sourcecode.c.objc; path = XWAlertUITests.m; sourceTree = "<group>"; };
		E7C5F1441E8DF6E200ABB44C /* Info.plist */ = {isa = PBXFileReference; lastKnownFileType = text.plist.xml; path = Info.plist; sourceTree = "<group>"; };
/* End PBXFileReference section */

/* Begin PBXFrameworksBuildPhase section */
		E7C5F1171E8DF6E200ABB44C /* Frameworks */ = {
			isa = PBXFrameworksBuildPhase;
			buildActionMask = 2147483647;
			files = (
			);
			runOnlyForDeploymentPostprocessing = 0;
		};
		E7C5F1301E8DF6E200ABB44C /* Frameworks */ = {
			isa = PBXFrameworksBuildPhase;
			buildActionMask = 2147483647;
			files = (
			);
			runOnlyForDeploymentPostprocessing = 0;
		};
		E7C5F13B1E8DF6E200ABB44C /* Frameworks */ = {
			isa = PBXFrameworksBuildPhase;
			buildActionMask = 2147483647;
			files = (
			);
			runOnlyForDeploymentPostprocessing = 0;
		};
/* End PBXFrameworksBuildPhase section */

/* Begin PBXGroup section */
		E7428A521E8E56220045776C /* Alert */ = {
			isa = PBXGroup;
			children = (
				E7428A531E8E56220045776C /* UIAlertController+AddAction.h */,
				E7428A541E8E56220045776C /* UIAlertController+AddAction.m */,
				E7428A551E8E56220045776C /* XWAlert.h */,
				E7428A561E8E56220045776C /* XWAlert.m */,
			);
			path = Alert;
			sourceTree = "<group>";
		};
		E7428A591E8E56290045776C /* Class */ = {
			isa = PBXGroup;
			children = (
				E7428A5A1E8E56290045776C /* ShowAlertViewController.h */,
				E7428A5B1E8E56290045776C /* ShowAlertViewController.m */,
				E7428A5C1E8E56290045776C /* ViewController.h */,
				E7428A5D1E8E56290045776C /* ViewController.m */,
			);
			path = Class;
			sourceTree = "<group>";
		};
		E7C5F1111E8DF6E200ABB44C = {
			isa = PBXGroup;
			children = (
				E7C5F11C1E8DF6E200ABB44C /* XWAlert */,
				E7C5F1361E8DF6E200ABB44C /* XWAlertTests */,
				E7C5F1411E8DF6E200ABB44C /* XWAlertUITests */,
				E7C5F11B1E8DF6E200ABB44C /* Products */,
			);
			sourceTree = "<group>";
		};
		E7C5F11B1E8DF6E200ABB44C /* Products */ = {
			isa = PBXGroup;
			children = (
				E7C5F11A1E8DF6E200ABB44C /* XWAlert.app */,
				E7C5F1331E8DF6E200ABB44C /* XWAlertTests.xctest */,
				E7C5F13E1E8DF6E200ABB44C /* XWAlertUITests.xctest */,
			);
			name = Products;
			sourceTree = "<group>";
		};
		E7C5F11C1E8DF6E200ABB44C /* XWAlert */ = {
			isa = PBXGroup;
			children = (
				E7428A521E8E56220045776C /* Alert */,
				E7428A591E8E56290045776C /* Class */,
				E7C5F1201E8DF6E200ABB44C /* AppDelegate.h */,
				E7C5F1211E8DF6E200ABB44C /* AppDelegate.m */,
				E7C5F1261E8DF6E200ABB44C /* Main.storyboard */,
				E7C5F1291E8DF6E200ABB44C /* Assets.xcassets */,
				E7C5F12B1E8DF6E200ABB44C /* LaunchScreen.storyboard */,
				E7C5F12E1E8DF6E200ABB44C /* Info.plist */,
				E7C5F11D1E8DF6E200ABB44C /* Supporting Files */,
			);
			path = XWAlert;
			sourceTree = "<group>";
		};
		E7C5F11D1E8DF6E200ABB44C /* Supporting Files */ = {
			isa = PBXGroup;
			children = (
				E7C5F11E1E8DF6E200ABB44C /* main.m */,
			);
			name = "Supporting Files";
			sourceTree = "<group>";
		};
		E7C5F1361E8DF6E200ABB44C /* XWAlertTests */ = {
			isa = PBXGroup;
			children = (
				E7C5F1371E8DF6E200ABB44C /* XWAlertTests.m */,
				E7C5F1391E8DF6E200ABB44C /* Info.plist */,
			);
			path = XWAlertTests;
			sourceTree = "<group>";
		};
		E7C5F1411E8DF6E200ABB44C /* XWAlertUITests */ = {
			isa = PBXGroup;
			children = (
				E7C5F1421E8DF6E200ABB44C /* XWAlertUITests.m */,
				E7C5F1441E8DF6E200ABB44C /* Info.plist */,
			);
			path = XWAlertUITests;
			sourceTree = "<group>";
		};
/* End PBXGroup section */

/* Begin PBXNativeTarget section */
		E7C5F1191E8DF6E200ABB44C /* XWAlert */ = {
			isa = PBXNativeTarget;
			buildConfigurationList = E7C5F1471E8DF6E200ABB44C /* Build configuration list for PBXNativeTarget "XWAlert" */;
			buildPhases = (
				E7C5F1161E8DF6E200ABB44C /* Sources */,
				E7C5F1171E8DF6E200ABB44C /* Frameworks */,
				E7C5F1181E8DF6E200ABB44C /* Resources */,
			);
			buildRules = (
			);
			dependencies = (
			);
			name = XWAlert;
			productName = XWAlert;
			productReference = E7C5F11A1E8DF6E200ABB44C /* XWAlert.app */;
			productType = "com.apple.product-type.application";
		};
		E7C5F1321E8DF6E200ABB44C /* XWAlertTests */ = {
			isa = PBXNativeTarget;
			buildConfigurationList = E7C5F14A1E8DF6E200ABB44C /* Build configuration list for PBXNativeTarget "XWAlertTests" */;
			buildPhases = (
				E7C5F12F1E8DF6E200ABB44C /* Sources */,
				E7C5F1301E8DF6E200ABB44C /* Frameworks */,
				E7C5F1311E8DF6E200ABB44C /* Resources */,
			);
			buildRules = (
			);
			dependencies = (
				E7C5F1351E8DF6E200ABB44C /* PBXTargetDependency */,
			);
			name = XWAlertTests;
			productName = XWAlertTests;
			productReference = E7C5F1331E8DF6E200ABB44C /* XWAlertTests.xctest */;
			productType = "com.apple.product-type.bundle.unit-test";
		};
		E7C5F13D1E8DF6E200ABB44C /* XWAlertUITests */ = {
			isa = PBXNativeTarget;
			buildConfigurationList = E7C5F14D1E8DF6E200ABB44C /* Build configuration list for PBXNativeTarget "XWAlertUITests" */;
			buildPhases = (
				E7C5F13A1E8DF6E200ABB44C /* Sources */,
				E7C5F13B1E8DF6E200ABB44C /* Frameworks */,
				E7C5F13C1E8DF6E200ABB44C /* Resources */,
			);
			buildRules = (
			);
			dependencies = (
				E7C5F1401E8DF6E200ABB44C /* PBXTargetDependency */,
			);
			name = XWAlertUITests;
			productName = XWAlertUITests;
			productReference = E7C5F13E1E8DF6E200ABB44C /* XWAlertUITests.xctest */;
			productType = "com.apple.product-type.bundle.ui-testing";
		};
/* End PBXNativeTarget section */

/* Begin PBXProject section */
		E7C5F1121E8DF6E200ABB44C /* Project object */ = {
			isa = PBXProject;
			attributes = {
				LastUpgradeCheck = 0830;
				ORGANIZATIONNAME = xuxiwen;
				TargetAttributes = {
					E7C5F1191E8DF6E200ABB44C = {
						CreatedOnToolsVersion = 8.3;
						DevelopmentTeam = U82TZNQ998;
						ProvisioningStyle = Automatic;
					};
					E7C5F1321E8DF6E200ABB44C = {
						CreatedOnToolsVersion = 8.3;
						DevelopmentTeam = U82TZNQ998;
						ProvisioningStyle = Automatic;
						TestTargetID = E7C5F1191E8DF6E200ABB44C;
					};
					E7C5F13D1E8DF6E200ABB44C = {
						CreatedOnToolsVersion = 8.3;
						DevelopmentTeam = U82TZNQ998;
						ProvisioningStyle = Automatic;
						TestTargetID = E7C5F1191E8DF6E200ABB44C;
					};
				};
			};
			buildConfigurationList = E7C5F1151E8DF6E200ABB44C /* Build configuration list for PBXProject "XWAlert" */;
			compatibilityVersion = "Xcode 3.2";
			developmentRegion = English;
			hasScannedForEncodings = 0;
			knownRegions = (
				en,
				Base,
			);
			mainGroup = E7C5F1111E8DF6E200ABB44C;
			productRefGroup = E7C5F11B1E8DF6E200ABB44C /* Products */;
			projectDirPath = "";
			projectRoot = "";
			targets = (
				E7C5F1191E8DF6E200ABB44C /* XWAlert */,
				E7C5F1321E8DF6E200ABB44C /* XWAlertTests */,
				E7C5F13D1E8DF6E200ABB44C /* XWAlertUITests */,
			);
		};
/* End PBXProject section */

/* Begin PBXResourcesBuildPhase section */
		E7C5F1181E8DF6E200ABB44C /* Resources */ = {
			isa = PBXResourcesBuildPhase;
			buildActionMask = 2147483647;
			files = (
				E7C5F12D1E8DF6E200ABB44C /* LaunchScreen.storyboard in Resources */,
				E7C5F12A1E8DF6E200ABB44C /* Assets.xcassets in Resources */,
				E7C5F1281E8DF6E200ABB44C /* Main.storyboard in Resources */,
			);
			runOnlyForDeploymentPostprocessing = 0;
		};
		E7C5F1311E8DF6E200ABB44C /* Resources */ = {
			isa = PBXResourcesBuildPhase;
			buildActionMask = 2147483647;
			files = (
			);
			runOnlyForDeploymentPostprocessing = 0;
		};
		E7C5F13C1E8DF6E200ABB44C /* Resources */ = {
			isa = PBXResourcesBuildPhase;
			buildActionMask = 2147483647;
			files = (
			);
			runOnlyForDeploymentPostprocessing = 0;
		};
/* End PBXResourcesBuildPhase section */

/* Begin PBXSourcesBuildPhase section */
		E7C5F1161E8DF6E200ABB44C /* Sources */ = {
			isa = PBXSourcesBuildPhase;
			buildActionMask = 2147483647;
			files = (
				E7428A5F1E8E56290045776C /* ViewController.m in Sources */,
				E7C5F1221E8DF6E200ABB44C /* AppDelegate.m in Sources */,
				E7C5F11F1E8DF6E200ABB44C /* main.m in Sources */,
				E7428A5E1E8E56290045776C /* ShowAlertViewController.m in Sources */,
				E7428A571E8E56220045776C /* UIAlertController+AddAction.m in Sources */,
				E7428A581E8E56220045776C /* XWAlert.m in Sources */,
			);
			runOnlyForDeploymentPostprocessing = 0;
		};
		E7C5F12F1E8DF6E200ABB44C /* Sources */ = {
			isa = PBXSourcesBuildPhase;
			buildActionMask = 2147483647;
			files = (
				E7C5F1381E8DF6E200ABB44C /* XWAlertTests.m in Sources */,
			);
			runOnlyForDeploymentPostprocessing = 0;
		};
		E7C5F13A1E8DF6E200ABB44C /* Sources */ = {
			isa = PBXSourcesBuildPhase;
			buildActionMask = 2147483647;
			files = (
				E7C5F1431E8DF6E200ABB44C /* XWAlertUITests.m in Sources */,
			);
			runOnlyForDeploymentPostprocessing = 0;
		};
/* End PBXSourcesBuildPhase section */

/* Begin PBXTargetDependency section */
		E7C5F1351E8DF6E200ABB44C /* PBXTargetDependency */ = {
			isa = PBXTargetDependency;
			target = E7C5F1191E8DF6E200ABB44C /* XWAlert */;
			targetProxy = E7C5F1341E8DF6E200ABB44C /* PBXContainerItemProxy */;
		};
		E7C5F1401E8DF6E200ABB44C /* PBXTargetDependency */ = {
			isa = PBXTargetDependency;
			target = E7C5F1191E8DF6E200ABB44C /* XWAlert */;
			targetProxy = E7C5F13F1E8DF6E200ABB44C /* PBXContainerItemProxy */;
		};
/* End PBXTargetDependency section */

/* Begin PBXVariantGroup section */
		E7C5F1261E8DF6E200ABB44C /* Main.storyboard */ = {
			isa = PBXVariantGroup;
			children = (
				E7C5F1271E8DF6E200ABB44C /* Base */,
			);
			name = Main.storyboard;
			sourceTree = "<group>";
		};
		E7C5F12B1E8DF6E200ABB44C /* LaunchScreen.storyboard */ = {
			isa = PBXVariantGroup;
			children = (
				E7C5F12C1E8DF6E200ABB44C /* Base */,
			);
			name = LaunchScreen.storyboard;
			sourceTree = "<group>";
		};
/* End PBXVariantGroup section */

/* Begin XCBuildConfiguration section */
		E7C5F1451E8DF6E200ABB44C /* Debug */ = {
			isa = XCBuildConfiguration;
			buildSettings = {
				ALWAYS_SEARCH_USER_PATHS = NO;
				CLANG_ANALYZER_NONNULL = YES;
				CLANG_ANALYZER_NUMBER_OBJECT_CONVERSION = YES_AGGRESSIVE;
				CLANG_CXX_LANGUAGE_STANDARD = "gnu++0x";
				CLANG_CXX_LIBRARY = "libc++";
				CLANG_ENABLE_MODULES = YES;
				CLANG_ENABLE_OBJC_ARC = YES;
				CLANG_WARN_BOOL_CONVERSION = YES;
				CLANG_WARN_CONSTANT_CONVERSION = YES;
				CLANG_WARN_DIRECT_OBJC_ISA_USAGE = YES_ERROR;
				CLANG_WARN_DOCUMENTATION_COMMENTS = YES;
				CLANG_WARN_EMPTY_BODY = YES;
				CLANG_WARN_ENUM_CONVERSION = YES;
				CLANG_WARN_INFINITE_RECURSION = YES;
				CLANG_WARN_INT_CONVERSION = YES;
				CLANG_WARN_OBJC_ROOT_CLASS = YES_ERROR;
				CLANG_WARN_SUSPICIOUS_MOVE = YES;
				CLANG_WARN_UNREACHABLE_CODE = YES;
				CLANG_WARN__DUPLICATE_METHOD_MATCH = YES;
				"CODE_SIGN_IDENTITY[sdk=iphoneos*]" = "iPhone Developer";
				COPY_PHASE_STRIP = NO;
				DEBUG_INFORMATION_FORMAT = dwarf;
				ENABLE_STRICT_OBJC_MSGSEND = YES;
				ENABLE_TESTABILITY = YES;
				GCC_C_LANGUAGE_STANDARD = gnu99;
				GCC_DYNAMIC_NO_PIC = NO;
				GCC_NO_COMMON_BLOCKS = YES;
				GCC_OPTIMIZATION_LEVEL = 0;
				GCC_PREPROCESSOR_DEFINITIONS = (
					"DEBUG=1",
					"$(inherited)",
				);
				GCC_WARN_64_TO_32_BIT_CONVERSION = YES;
				GCC_WARN_ABOUT_RETURN_TYPE = YES_ERROR;
				GCC_WARN_UNDECLARED_SELECTOR = YES;
				GCC_WARN_UNINITIALIZED_AUTOS = YES_AGGRESSIVE;
				GCC_WARN_UNUSED_FUNCTION = YES;
				GCC_WARN_UNUSED_VARIABLE = YES;
				IPHONEOS_DEPLOYMENT_TARGET = 10.3;
				MTL_ENABLE_DEBUG_INFO = YES;
				ONLY_ACTIVE_ARCH = YES;
				SDKROOT = iphoneos;
				TARGETED_DEVICE_FAMILY = "1,2";
			};
			name = Debug;
		};
		E7C5F1461E8DF6E200ABB44C /* Release */ = {
			isa = XCBuildConfiguration;
			buildSettings = {
				ALWAYS_SEARCH_USER_PATHS = NO;
				CLANG_ANALYZER_NONNULL = YES;
				CLANG_ANALYZER_NUMBER_OBJECT_CONVERSION = YES_AGGRESSIVE;
				CLANG_CXX_LANGUAGE_STANDARD = "gnu++0x";
				CLANG_CXX_LIBRARY = "libc++";
				CLANG_ENABLE_MODULES = YES;
				CLANG_ENABLE_OBJC_ARC = YES;
				CLANG_WARN_BOOL_CONVERSION = YES;
				CLANG_WARN_CONSTANT_CONVERSION = YES;
				CLANG_WARN_DIRECT_OBJC_ISA_USAGE = YES_ERROR;
				CLANG_WARN_DOCUMENTATION_COMMENTS = YES;
				CLANG_WARN_EMPTY_BODY = YES;
				CLANG_WARN_ENUM_CONVERSION = YES;
				CLANG_WARN_INFINITE_RECURSION = YES;
				CLANG_WARN_INT_CONVERSION = YES;
				CLANG_WARN_OBJC_ROOT_CLASS = YES_ERROR;
				CLANG_WARN_SUSPICIOUS_MOVE = YES;
				CLANG_WARN_UNREACHABLE_CODE = YES;
				CLANG_WARN__DUPLICATE_METHOD_MATCH = YES;
				"CODE_SIGN_IDENTITY[sdk=iphoneos*]" = "iPhone Developer";
				COPY_PHASE_STRIP = NO;
				DEBUG_INFORMATION_FORMAT = "dwarf-with-dsym";
				ENABLE_NS_ASSERTIONS = NO;
				ENABLE_STRICT_OBJC_MSGSEND = YES;
				GCC_C_LANGUAGE_STANDARD = gnu99;
				GCC_NO_COMMON_BLOCKS = YES;
				GCC_WARN_64_TO_32_BIT_CONVERSION = YES;
				GCC_WARN_ABOUT_RETURN_TYPE = YES_ERROR;
				GCC_WARN_UNDECLARED_SELECTOR = YES;
				GCC_WARN_UNINITIALIZED_AUTOS = YES_AGGRESSIVE;
				GCC_WARN_UNUSED_FUNCTION = YES;
				GCC_WARN_UNUSED_VARIABLE = YES;
				IPHONEOS_DEPLOYMENT_TARGET = 10.3;
				MTL_ENABLE_DEBUG_INFO = NO;
				SDKROOT = iphoneos;
				TARGETED_DEVICE_FAMILY = "1,2";
				VALIDATE_PRODUCT = YES;
			};
			name = Release;
		};
		E7C5F1481E8DF6E200ABB44C /* Debug */ = {
			isa = XCBuildConfiguration;
			buildSettings = {
				ASSETCATALOG_COMPILER_APPICON_NAME = AppIcon;
				DEVELOPMENT_TEAM = U82TZNQ998;
				INFOPLIST_FILE = XWAlert/Info.plist;
				LD_RUNPATH_SEARCH_PATHS = "$(inherited) @executable_path/Frameworks";
				PRODUCT_BUNDLE_IDENTIFIER = com.developer.xuxiwen.XWAlert;
				PRODUCT_NAME = "$(TARGET_NAME)";
			};
			name = Debug;
		};
		E7C5F1491E8DF6E200ABB44C /* Release */ = {
			isa = XCBuildConfiguration;
			buildSettings = {
				ASSETCATALOG_COMPILER_APPICON_NAME = AppIcon;
				DEVELOPMENT_TEAM = U82TZNQ998;
				INFOPLIST_FILE = XWAlert/Info.plist;
				LD_RUNPATH_SEARCH_PATHS = "$(inherited) @executable_path/Frameworks";
				PRODUCT_BUNDLE_IDENTIFIER = com.developer.xuxiwen.XWAlert;
				PRODUCT_NAME = "$(TARGET_NAME)";
			};
			name = Release;
		};
		E7C5F14B1E8DF6E200ABB44C /* Debug */ = {
			isa = XCBuildConfiguration;
			buildSettings = {
				BUNDLE_LOADER = "$(TEST_HOST)";
				DEVELOPMENT_TEAM = U82TZNQ998;
				INFOPLIST_FILE = XWAlertTests/Info.plist;
				LD_RUNPATH_SEARCH_PATHS = "$(inherited) @executable_path/Frameworks @loader_path/Frameworks";
				PRODUCT_BUNDLE_IDENTIFIER = com.developer.xuxiwen.XWAlertTests;
				PRODUCT_NAME = "$(TARGET_NAME)";
				TEST_HOST = "$(BUILT_PRODUCTS_DIR)/XWAlert.app/XWAlert";
			};
			name = Debug;
		};
		E7C5F14C1E8DF6E200ABB44C /* Release */ = {
			isa = XCBuildConfiguration;
			buildSettings = {
				BUNDLE_LOADER = "$(TEST_HOST)";
				DEVELOPMENT_TEAM = U82TZNQ998;
				INFOPLIST_FILE = XWAlertTests/Info.plist;
				LD_RUNPATH_SEARCH_PATHS = "$(inherited) @executable_path/Frameworks @loader_path/Frameworks";
				PRODUCT_BUNDLE_IDENTIFIER = com.developer.xuxiwen.XWAlertTests;
				PRODUCT_NAME = "$(TARGET_NAME)";
				TEST_HOST = "$(BUILT_PRODUCTS_DIR)/XWAlert.app/XWAlert";
			};
			name = Release;
		};
		E7C5F14E1E8DF6E200ABB44C /* Debug */ = {
			isa = XCBuildConfiguration;
			buildSettings = {
				DEVELOPMENT_TEAM = U82TZNQ998;
				INFOPLIST_FILE = XWAlertUITests/Info.plist;
				LD_RUNPATH_SEARCH_PATHS = "$(inherited) @executable_path/Frameworks @loader_path/Frameworks";
				PRODUCT_BUNDLE_IDENTIFIER = com.developer.xuxiwen.XWAlertUITests;
				PRODUCT_NAME = "$(TARGET_NAME)";
				TEST_TARGET_NAME = XWAlert;
			};
			name = Debug;
		};
		E7C5F14F1E8DF6E200ABB44C /* Release */ = {
			isa = XCBuildConfiguration;
			buildSettings = {
				DEVELOPMENT_TEAM = U82TZNQ998;
				INFOPLIST_FILE = XWAlertUITests/Info.plist;
				LD_RUNPATH_SEARCH_PATHS = "$(inherited) @executable_path/Frameworks @loader_path/Frameworks";
				PRODUCT_BUNDLE_IDENTIFIER = com.developer.xuxiwen.XWAlertUITests;
				PRODUCT_NAME = "$(TARGET_NAME)";
				TEST_TARGET_NAME = XWAlert;
			};
			name = Release;
		};
/* End XCBuildConfiguration section */

/* Begin XCConfigurationList section */
		E7C5F1151E8DF6E200ABB44C /* Build configuration list for PBXProject "XWAlert" */ = {
			isa = XCConfigurationList;
			buildConfigurations = (
				E7C5F1451E8DF6E200ABB44C /* Debug */,
				E7C5F1461E8DF6E200ABB44C /* Release */,
			);
			defaultConfigurationIsVisible = 0;
			defaultConfigurationName = Release;
		};
		E7C5F1471E8DF6E200ABB44C /* Build configuration list for PBXNativeTarget "XWAlert" */ = {
			isa = XCConfigurationList;
			buildConfigurations = (
				E7C5F1481E8DF6E200ABB44C /* Debug */,
				E7C5F1491E8DF6E200ABB44C /* Release */,
			);
			defaultConfigurationIsVisible = 0;
			defaultConfigurationName = Release;
		};
		E7C5F14A1E8DF6E200ABB44C /* Build configuration list for PBXNativeTarget "XWAlertTests" */ = {
			isa = XCConfigurationList;
			buildConfigurations = (
				E7C5F14B1E8DF6E200ABB44C /* Debug */,
				E7C5F14C1E8DF6E200ABB44C /* Release */,
			);
			defaultConfigurationIsVisible = 0;
			defaultConfigurationName = Release;
		};
		E7C5F14D1E8DF6E200ABB44C /* Build configuration list for PBXNativeTarget "XWAlertUITests" */ = {
			isa = XCConfigurationList;
			buildConfigurations = (
				E7C5F14E1E8DF6E200ABB44C /* Debug */,
				E7C5F14F1E8DF6E200ABB44C /* Release */,
			);
			defaultConfigurationIsVisible = 0;
			defaultConfigurationName = Release;
		};
/* End XCConfigurationList section */
	};
	rootObject = E7C5F1121E8DF6E200ABB44C /* Project object */;
}
